
Microsoft Visual Studio Solution File, Format Version 12.00
# Visual Studio Version 16
VisualStudioVersion = 16.0.29728.190
MinimumVisualStudioVersion = 10.0.40219.1
Project("{FAE04EC0-301F-11D3-BF4B-00C04F79EFBC}") = "gman", "gman\gman.csproj", "{DA9EC1AF-C591-4167-B4C7-DE14483BA53A}"
EndProject
Global
	GlobalSection(SolutionConfigurationPlatforms) = preSolution
		Debug|Any CPU = Debug|Any CPU
		Release|Any CPU = Release|Any CPU
	EndGlobalSection
	GlobalSection(ProjectConfigurationPlatforms) = postSolution
		{DA9EC1AF-C591-4167-B4C7-DE14483BA53A}.Debug|Any CPU.ActiveCfg = Debug|Any CPU
		{DA9EC1AF-C591-4167-B4C7-DE14483BA53A}.Debug|Any CPU.Build.0 = Debug|Any CPU
		{DA9EC1AF-C591-4167-B4C7-DE14483BA53A}.Release|Any CPU.ActiveCfg = Release|Any CPU
		{DA9EC1AF-C591-4167-B4C7-DE14483BA53A}.Release|Any CPU.Build.0 = Release|Any CPU
	EndGlobalSection
	GlobalSection(SolutionProperties) = preSolution
		HideSolutionNode = FALSE
	EndGlobalSection
	GlobalSection(ExtensibilityGlobals) = postSolution
		SolutionGuid = {C9B87C5B-E349-426C-8CBD-3BB4BE0C6B83}
	EndGlobalSection
EndGlobal
